
Microsoft Visual Studio Solution File, Format Version 12.00
# Visual Studio Version 17
VisualStudioVersion = 17.6.33723.286
MinimumVisualStudioVersion = 10.0.40219.1
Project("{9A19103F-16F7-4668-BE54-9A1E7A4F7556}") = "Domain", "Domain\Domain.csproj", "{D2DB2575-EF79-4C99-B8A7-3DAD62D8C19C}"
EndProject
Project("{9A19103F-16F7-4668-BE54-9A1E7A4F7556}") = "Infrastructure", "Infrastructure\Infrastructure.csproj", "{A2F187A6-4FEE-4DD4-9131-C4A995B72AE2}"
EndProject
Project("{9A19103F-16F7-4668-BE54-9A1E7A4F7556}") = "Application", "Application\Application.csproj", "{7DE108A7-58F2-4584-ADC9-43C767F8F935}"
EndProject
Project("{9A19103F-16F7-4668-BE54-9A1E7A4F7556}") = "API", "API\API.csproj", "{EB4AD7E9-642F-42A1-A696-D6219F09A27F}"
EndProject
Global
	GlobalSection(SolutionConfigurationPlatforms) = preSolution
		Debug|Any CPU = Debug|Any CPU
		Release|Any CPU = Release|Any CPU
	EndGlobalSection
	GlobalSection(ProjectConfigurationPlatforms) = postSolution
		{D2DB2575-EF79-4C99-B8A7-3DAD62D8C19C}.Debug|Any CPU.ActiveCfg = Debug|Any CPU
		{D2DB2575-EF79-4C99-B8A7-3DAD62D8C19C}.Debug|Any CPU.Build.0 = Debug|Any CPU
		{D2DB2575-EF79-4C99-B8A7-3DAD62D8C19C}.Release|Any CPU.ActiveCfg = Release|Any CPU
		{D2DB2575-EF79-4C99-B8A7-3DAD62D8C19C}.Release|Any CPU.Build.0 = Release|Any CPU
		{A2F187A6-4FEE-4DD4-9131-C4A995B72AE2}.Debug|Any CPU.ActiveCfg = Debug|Any CPU
		{A2F187A6-4FEE-4DD4-9131-C4A995B72AE2}.Debug|Any CPU.Build.0 = Debug|Any CPU
		{A2F187A6-4FEE-4DD4-9131-C4A995B72AE2}.Release|Any CPU.ActiveCfg = Release|Any CPU
		{A2F187A6-4FEE-4DD4-9131-C4A995B72AE2}.Release|Any CPU.Build.0 = Release|Any CPU
		{7DE108A7-58F2-4584-ADC9-43C767F8F935}.Debug|Any CPU.ActiveCfg = Debug|Any CPU
		{7DE108A7-58F2-4584-ADC9-43C767F8F935}.Debug|Any CPU.Build.0 = Debug|Any CPU
		{7DE108A7-58F2-4584-ADC9-43C767F8F935}.Release|Any CPU.ActiveCfg = Release|Any CPU
		{7DE108A7-58F2-4584-ADC9-43C767F8F935}.Release|Any CPU.Build.0 = Release|Any CPU
		{EB4AD7E9-642F-42A1-A696-D6219F09A27F}.Debug|Any CPU.ActiveCfg = Debug|Any CPU
		{EB4AD7E9-642F-42A1-A696-D6219F09A27F}.Debug|Any CPU.Build.0 = Debug|Any CPU
		{EB4AD7E9-642F-42A1-A696-D6219F09A27F}.Release|Any CPU.ActiveCfg = Release|Any CPU
		{EB4AD7E9-642F-42A1-A696-D6219F09A27F}.Release|Any CPU.Build.0 = Release|Any CPU
	EndGlobalSection
	GlobalSection(SolutionProperties) = preSolution
		HideSolutionNode = FALSE
	EndGlobalSection
	GlobalSection(ExtensibilityGlobals) = postSolution
		SolutionGuid = {FCF7A82A-E876-4C24-9F92-E355AFA752B8}
	EndGlobalSection
EndGlobal
